schema_version: 1
repo: sourcea
task: PLAN WITH NO ASF — sa-0105 dispatch_ready lock until founder spine Action
status: done
verify_passed: true
evidence:
  files_changed:
    - scripts/dispatch_ready_lock.py
    - scripts/validate-dispatch-ready-lock-v1.sh
    - scripts/runtime/execution_router/api.py
    - scripts/build-sina-command-panel.py
    - os/plan-library/sourcea-1000/prompts/phase-s1-eval-dispatch/T0/sa-0105.md
    - os/plan-library/sourcea-1000/REGISTRY.json
tests:
  status: passed
  command: SINA_AUDIT_STRICT=1 build-sina-command-panel.py && find_critical_bugs.py
  output_snippet: validate-dispatch-ready-lock-v1 OK; hub APIs dispatch_ready=false; critical 0
real_output: OK validate-dispatch-ready-lock-v1; strict build PASS; find_critical_bugs ok true
reported_at: '2026-06-06T04:34:00Z'
reporter: cursor-maintainer
